<?xml version="1.0" encoding="utf-8"?>
<Project ToolsVersion="4.0" xmlns="http://schemas.microsoft.com/developer/msbuild/2003">
  <ItemGroup>
    <Filter Include="Source Files">
      <UniqueIdentifier>{4FC737F1-C7A5-4376-A066-2A32D752A2FF}</UniqueIdentifier>
      <Extensions>cpp;c;cc;cxx;def;odl;idl;hpj;bat;asm;asmx</Extensions>
    </Filter>
    <Filter Include="Header Files">
      <UniqueIdentifier>{93995380-89BD-4b04-88EB-625FBE52EBFB}</UniqueIdentifier>
      <Extensions>h;hpp;hxx;hm;inl;inc;xsd</Extensions>
    </Filter>
    <Filter Include="Resource Files">
      <UniqueIdentifier>{67DA6AB6-F800-4c08-8B7A-83BB121AAD01}</UniqueIdentifier>
      <Extensions>rc;ico;cur;bmp;dlg;rc2;rct;bin;rgs;gif;jpg;jpeg;jpe;resx;tiff;tif;png;wav;mfcribbon-ms</Extensions>
    </Filter>
    <Filter Include="Shaders">
      <UniqueIdentifier>{fcfe8fa4-7bfc-4d0e-b13d-79ec70d93705}</UniqueIdentifier>
    </Filter>
  </ItemGroup>
  <ItemGroup>
    <ClCompile Include="main.cpp">
      <Filter>Source Files</Filter>
    </ClCompile>
    <ClCompile Include="Timer.cpp">
      <Filter>Source Files</Filter>
    </ClCompile>
    <ClCompile Include="KinectScanner.cpp">
      <Filter>Source Files</Filter>
    </ClCompile>
    <ClCompile Include="directx\gk2_applicationBase.cpp">
      <Filter>Source Files</Filter>
    </ClCompile>
    <ClCompile Include="directx\gk2_camera.cpp">
      <Filter>Source Files</Filter>
    </ClCompile>
    <ClCompile Include="directx\gk2_constantBuffer.cpp">
      <Filter>Source Files</Filter>
    </ClCompile>
    <ClCompile Include="directx\gk2_deviceHelper.cpp">
      <Filter>Source Files</Filter>
    </ClCompile>
    <ClCompile Include="directx\gk2_effectBase.cpp">
      <Filter>Source Files</Filter>
    </ClCompile>
    <ClCompile Include="directx\gk2_exceptions.cpp">
      <Filter>Source Files</Filter>
    </ClCompile>
    <ClCompile Include="directx\gk2_input.cpp">
      <Filter>Source Files</Filter>
    </ClCompile>
    <ClCompile Include="directx\gk2_solidEffect.cpp">
      <Filter>Source Files</Filter>
    </ClCompile>
    <ClCompile Include="directx\gk2_utils.cpp">
      <Filter>Source Files</Filter>
    </ClCompile>
    <ClCompile Include="directx\gk2_vertices.cpp">
      <Filter>Source Files</Filter>
    </ClCompile>
    <ClCompile Include="directx\gk2_window.cpp">
      <Filter>Source Files</Filter>
    </ClCompile>
    <ClCompile Include="directx\WICTextureLoader.cpp">
      <Filter>Source Files</Filter>
    </ClCompile>
    <ClCompile Include="directx\gk2_cubes.cpp">
      <Filter>Source Files</Filter>
    </ClCompile>
    <ClCompile Include="TetrahedronMarcher.cpp">
      <Filter>Source Files</Filter>
    </ClCompile>
    <ClCompile Include="FakeVoxelGridProvider.cpp">
      <Filter>Source Files</Filter>
    </ClCompile>
    <ClCompile Include="directx\gk2_mesh.cpp">
      <Filter>Source Files</Filter>
    </ClCompile>
  </ItemGroup>
  <ItemGroup>
    <ClInclude Include="Timer.h">
      <Filter>Header Files</Filter>
    </ClInclude>
    <ClInclude Include="KinectScanner.h">
      <Filter>Header Files</Filter>
    </ClInclude>
    <ClInclude Include="directx\gk2_applicationBase.h">
      <Filter>Header Files</Filter>
    </ClInclude>
    <ClInclude Include="directx\gk2_camera.h">
      <Filter>Header Files</Filter>
    </ClInclude>
    <ClInclude Include="directx\gk2_constantBuffer.h">
      <Filter>Header Files</Filter>
    </ClInclude>
    <ClInclude Include="directx\gk2_deviceHelper.h">
      <Filter>Header Files</Filter>
    </ClInclude>
    <ClInclude Include="directx\gk2_effectBase.h">
      <Filter>Header Files</Filter>
    </ClInclude>
    <ClInclude Include="directx\gk2_exceptions.h">
      <Filter>Header Files</Filter>
    </ClInclude>
    <ClInclude Include="directx\gk2_input.h">
      <Filter>Header Files</Filter>
    </ClInclude>
    <ClInclude Include="directx\gk2_solidEffect.h">
      <Filter>Header Files</Filter>
    </ClInclude>
    <ClInclude Include="directx\gk2_utils.h">
      <Filter>Header Files</Filter>
    </ClInclude>
    <ClInclude Include="directx\gk2_vertices.h">
      <Filter>Header Files</Filter>
    </ClInclude>
    <ClInclude Include="directx\gk2_window.h">
      <Filter>Header Files</Filter>
    </ClInclude>
    <ClInclude Include="directx\WICTextureLoader.h">
      <Filter>Header Files</Filter>
    </ClInclude>
    <ClInclude Include="directx\gk2_cubes.h">
      <Filter>Header Files</Filter>
    </ClInclude>
    <ClInclude Include="TetrahedronMarcher.h">
      <Filter>Header Files</Filter>
    </ClInclude>
    <ClInclude Include="FakeVoxelGridProvider.h">
      <Filter>Header Files</Filter>
    </ClInclude>
    <ClInclude Include="directx\gk2_mesh.h">
      <Filter>Header Files</Filter>
    </ClInclude>
  </ItemGroup>
  <ItemGroup>
    <FxCompile Include="resources\shaders\solidVS.hlsl">
      <Filter>Shaders</Filter>
    </FxCompile>
    <FxCompile Include="resources\shaders\solidPS.hlsl">
      <Filter>Shaders</Filter>
    </FxCompile>
  </ItemGroup>
</Project>